# THIS IS AN AUTOGENERATED FILE. DO NOT EDIT THIS FILE DIRECTLY.
# yarn lockfile v1


eslint-config-prettier@^8.4.0:
  version "8.4.0"
  resolved "https://registry.yarnpkg.com/eslint-config-prettier/-/eslint-config-prettier-8.4.0.tgz#8e6d17c7436649e98c4c2189868562921ef563de"
  integrity sha512-CFotdUcMY18nGRo5KGsnNxpznzhkopOcOo0InID+sgQssPrzjvsyKZPvOgymTFeHrFuC3Tzdf2YndhXtULK9Iw==
